// !$*UTF8*$!
{
	archiveVersion = 1;
	classes = {
	};
	objectVersion = 48;
	objects = {

/* Begin PBXBuildFile section */
		59E1432E1FF31CE70094F95C /* AppDelegate.swift in Sources */ = {isa = PBXBuildFile; fileRef = 59E1432D1FF31CE70094F95C /* AppDelegate.swift */; };
		59E143301FF31CE70094F95C /* ViewController.swift in Sources */ = {isa = PBXBuildFile; fileRef = 59E1432F1FF31CE70094F95C /* ViewController.swift */; };
		59E143331FF31CE70094F95C /* Main.storyboard in Resources */ = {isa = PBXBuildFile; fileRef = 59E143311FF31CE70094F95C /* Main.storyboard */; };
		59E143351FF31CE70094F95C /* Assets.xcassets in Resources */ = {isa = PBXBuildFile; fileRef = 59E143341FF31CE70094F95C /* Assets.xcassets */; };
		59E143381FF31CE70094F95C /* LaunchScreen.storyboard in Resources */ = {isa = PBXBuildFile; fileRef = 59E143361FF31CE70094F95C /* LaunchScreen.storyboard */; };
		59E143431FF31CE70094F95C /* EWeek2018Tests.swift in Sources */ = {isa = PBXBuildFile; fileRef = 59E143421FF31CE70094F95C /* EWeek2018Tests.swift */; };
		59E1434E1FF31CE70094F95C /* EWeek2018UITests.swift in Sources */ = {isa = PBXBuildFile; fileRef = 59E1434D1FF31CE70094F95C /* EWeek2018UITests.swift */; };
/* End PBXBuildFile section */

/* Begin PBXContainerItemProxy section */
		59E1433F1FF31CE70094F95C /* PBXContainerItemProxy */ = {
			isa = PBXContainerItemProxy;
			containerPortal = 59E143221FF31CE60094F95C /* Project object */;
			proxyType = 1;
			remoteGlobalIDString = 59E143291FF31CE60094F95C;
			remoteInfo = EWeek2018;
		};
		59E1434A1FF31CE70094F95C /* PBXContainerItemProxy */ = {
			isa = PBXContainerItemProxy;
			containerPortal = 59E143221FF31CE60094F95C /* Project object */;
			proxyType = 1;
			remoteGlobalIDString = 59E143291FF31CE60094F95C;
			remoteInfo = EWeek2018;
		};
/* End PBXContainerItemProxy section */

/* Begin PBXFileReference section */
		59E1432A1FF31CE70094F95C /* EWeek2018.app */ = {isa = PBXFileReference; explicitFileType = wrapper.application; includeInIndex = 0; path = EWeek2018.app; sourceTree = BUILT_PRODUCTS_DIR; };
		59E1432D1FF31CE70094F95C /* AppDelegate.swift */ = {isa = PBXFileReference; lastKnownFileType = sourcecode.swift; path = AppDelegate.swift; sourceTree = "<group>"; };
		59E1432F1FF31CE70094F95C /* ViewController.swift */ = {isa = PBXFileReference; lastKnownFileType = sourcecode.swift; path = ViewController.swift; sourceTree = "<group>"; };
		59E143321FF31CE70094F95C /* Base */ = {isa = PBXFileReference; lastKnownFileType = file.storyboard; name = Base; path = Base.lproj/Main.storyboard; sourceTree = "<group>"; };
		59E143341FF31CE70094F95C /* Assets.xcassets */ = {isa = PBXFileReference; lastKnownFileType = folder.assetcatalog; path = Assets.xcassets; sourceTree = "<group>"; };
		59E143371FF31CE70094F95C /* Base */ = {isa = PBXFileReference; lastKnownFileType = file.storyboard; name = Base; path = Base.lproj/LaunchScreen.storyboard; sourceTree = "<group>"; };
		59E143391FF31CE70094F95C /* Info.plist */ = {isa = PBXFileReference; lastKnownFileType = text.plist.xml; path = Info.plist; sourceTree = "<group>"; };
		59E1433E1FF31CE70094F95C /* EWeek2018Tests.xctest */ = {isa = PBXFileReference; explicitFileType = wrapper.cfbundle; includeInIndex = 0; path = EWeek2018Tests.xctest; sourceTree = BUILT_PRODUCTS_DIR; };
		59E143421FF31CE70094F95C /* EWeek2018Tests.swift */ = {isa = PBXFileReference; lastKnownFileType = sourcecode.swift; path = EWeek2018Tests.swift; sourceTree = "<group>"; };
		59E143441FF31CE70094F95C /* Info.plist */ = {isa = PBXFileReference; lastKnownFileType = text.plist.xml; path = Info.plist; sourceTree = "<group>"; };
		59E143491FF31CE70094F95C /* EWeek2018UITests.xctest */ = {isa = PBXFileReference; explicitFileType = wrapper.cfbundle; includeInIndex = 0; path = EWeek2018UITests.xctest; sourceTree = BUILT_PRODUCTS_DIR; };
		59E1434D1FF31CE70094F95C /* EWeek2018UITests.swift */ = {isa = PBXFileReference; lastKnownFileType = sourcecode.swift; path = EWeek2018UITests.swift; sourceTree = "<group>"; };
		59E1434F1FF31CE70094F95C /* Info.plist */ = {isa = PBXFileReference; lastKnownFileType = text.plist.xml; path = Info.plist; sourceTree = "<group>"; };
/* End PBXFileReference section */

/* Begin PBXFrameworksBuildPhase section */
		59E143271FF31CE60094F95C /* Frameworks */ = {
			isa = PBXFrameworksBuildPhase;
			buildActionMask = 2147483647;
			files = (
			);
			runOnlyForDeploymentPostprocessing = 0;
		};
		59E1433B1FF31CE70094F95C /* Frameworks */ = {
			isa = PBXFrameworksBuildPhase;
			buildActionMask = 2147483647;
			files = (
			);
			runOnlyForDeploymentPostprocessing = 0;
		};
		59E143461FF31CE70094F95C /* Frameworks */ = {
			isa = PBXFrameworksBuildPhase;
			buildActionMask = 2147483647;
			files = (
			);
			runOnlyForDeploymentPostprocessing = 0;
		};
/* End PBXFrameworksBuildPhase section */

/* Begin PBXGroup section */
		59E143211FF31CE60094F95C = {
			isa = PBXGroup;
			children = (
				59E1432C1FF31CE70094F95C /* EWeek2018 */,
				59E143411FF31CE70094F95C /* EWeek2018Tests */,
				59E1434C1FF31CE70094F95C /* EWeek2018UITests */,
				59E1432B1FF31CE70094F95C /* Products */,
			);
			sourceTree = "<group>";
		};
		59E1432B1FF31CE70094F95C /* Products */ = {
			isa = PBXGroup;
			children = (
				59E1432A1FF31CE70094F95C /* EWeek2018.app */,
				59E1433E1FF31CE70094F95C /* EWeek2018Tests.xctest */,
				59E143491FF31CE70094F95C /* EWeek2018UITests.xctest */,
			);
			name = Products;
			sourceTree = "<group>";
		};
		59E1432C1FF31CE70094F95C /* EWeek2018 */ = {
			isa = PBXGroup;
			children = (
				59E1432D1FF31CE70094F95C /* AppDelegate.swift */,
				59E1432F1FF31CE70094F95C /* ViewController.swift */,
				59E143311FF31CE70094F95C /* Main.storyboard */,
				59E143341FF31CE70094F95C /* Assets.xcassets */,
				59E143361FF31CE70094F95C /* LaunchScreen.storyboard */,
				59E143391FF31CE70094F95C /* Info.plist */,
			);
			path = EWeek2018;
			sourceTree = "<group>";
		};
		59E143411FF31CE70094F95C /* EWeek2018Tests */ = {
			isa = PBXGroup;
			children = (
				59E143421FF31CE70094F95C /* EWeek2018Tests.swift */,
				59E143441FF31CE70094F95C /* Info.plist */,
			);
			path = EWeek2018Tests;
			sourceTree = "<group>";
		};
		59E1434C1FF31CE70094F95C /* EWeek2018UITests */ = {
			isa = PBXGroup;
			children = (
				59E1434D1FF31CE70094F95C /* EWeek2018UITests.swift */,
				59E1434F1FF31CE70094F95C /* Info.plist */,
			);
			path = EWeek2018UITests;
			sourceTree = "<group>";
		};
/* End PBXGroup section */

/* Begin PBXNativeTarget section */
		59E143291FF31CE60094F95C /* EWeek2018 */ = {
			isa = PBXNativeTarget;
			buildConfigurationList = 59E143521FF31CE70094F95C /* Build configuration list for PBXNativeTarget "EWeek2018" */;
			buildPhases = (
				59E143261FF31CE60094F95C /* Sources */,
				59E143271FF31CE60094F95C /* Frameworks */,
				59E143281FF31CE60094F95C /* Resources */,
			);
			buildRules = (
			);
			dependencies = (
			);
			name = EWeek2018;
			productName = EWeek2018;
			productReference = 59E1432A1FF31CE70094F95C /* EWeek2018.app */;
			productType = "com.apple.product-type.application";
		};
		59E1433D1FF31CE70094F95C /* EWeek2018Tests */ = {
			isa = PBXNativeTarget;
			buildConfigurationList = 59E143551FF31CE70094F95C /* Build configuration list for PBXNativeTarget "EWeek2018Tests" */;
			buildPhases = (
				59E1433A1FF31CE70094F95C /* Sources */,
				59E1433B1FF31CE70094F95C /* Frameworks */,
				59E1433C1FF31CE70094F95C /* Resources */,
			);
			buildRules = (
			);
			dependencies = (
				59E143401FF31CE70094F95C /* PBXTargetDependency */,
			);
			name = EWeek2018Tests;
			productName = EWeek2018Tests;
			productReference = 59E1433E1FF31CE70094F95C /* EWeek2018Tests.xctest */;
			productType = "com.apple.product-type.bundle.unit-test";
		};
		59E143481FF31CE70094F95C /* EWeek2018UITests */ = {
			isa = PBXNativeTarget;
			buildConfigurationList = 59E143581FF31CE70094F95C /* Build configuration list for PBXNativeTarget "EWeek2018UITests" */;
			buildPhases = (
				59E143451FF31CE70094F95C /* Sources */,
				59E143461FF31CE70094F95C /* Frameworks */,
				59E143471FF31CE70094F95C /* Resources */,
			);
			buildRules = (
			);
			dependencies = (
				59E1434B1FF31CE70094F95C /* PBXTargetDependency */,
			);
			name = EWeek2018UITests;
			productName = EWeek2018UITests;
			productReference = 59E143491FF31CE70094F95C /* EWeek2018UITests.xctest */;
			productType = "com.apple.product-type.bundle.ui-testing";
		};
/* End PBXNativeTarget section */

/* Begin PBXProject section */
		59E143221FF31CE60094F95C /* Project object */ = {
			isa = PBXProject;
			attributes = {
				LastSwiftUpdateCheck = 0920;
				LastUpgradeCheck = 0920;
				ORGANIZATIONNAME = SEC;
				TargetAttributes = {
					59E143291FF31CE60094F95C = {
						CreatedOnToolsVersion = 9.2;
						ProvisioningStyle = Automatic;
					};
					59E1433D1FF31CE70094F95C = {
						CreatedOnToolsVersion = 9.2;
						ProvisioningStyle = Automatic;
						TestTargetID = 59E143291FF31CE60094F95C;
					};
					59E143481FF31CE70094F95C = {
						CreatedOnToolsVersion = 9.2;
						ProvisioningStyle = Automatic;
						TestTargetID = 59E143291FF31CE60094F95C;
					};
				};
			};
			buildConfigurationList = 59E143251FF31CE60094F95C /* Build configuration list for PBXProject "EWeek2018" */;
			compatibilityVersion = "Xcode 8.0";
			developmentRegion = en;
			hasScannedForEncodings = 0;
			knownRegions = (
				en,
				Base,
			);
			mainGroup = 59E143211FF31CE60094F95C;
			productRefGroup = 59E1432B1FF31CE70094F95C /* Products */;
			projectDirPath = "";
			projectRoot = "";
			targets = (
				59E143291FF31CE60094F95C /* EWeek2018 */,
				59E1433D1FF31CE70094F95C /* EWeek2018Tests */,
				59E143481FF31CE70094F95C /* EWeek2018UITests */,
			);
		};
/* End PBXProject section */

/* Begin PBXResourcesBuildPhase section */
		59E143281FF31CE60094F95C /* Resources */ = {
			isa = PBXResourcesBuildPhase;
			buildActionMask = 2147483647;
			files = (
				59E143381FF31CE70094F95C /* LaunchScreen.storyboard in Resources */,
				59E143351FF31CE70094F95C /* Assets.xcassets in Resources */,
				59E143331FF31CE70094F95C /* Main.storyboard in Resources */,
			);
			runOnlyForDeploymentPostprocessing = 0;
		};
		59E1433C1FF31CE70094F95C /* Resources */ = {
			isa = PBXResourcesBuildPhase;
			buildActionMask = 2147483647;
			files = (
			);
			runOnlyForDeploymentPostprocessing = 0;
		};
		59E143471FF31CE70094F95C /* Resources */ = {
			isa = PBXResourcesBuildPhase;
			buildActionMask = 2147483647;
			files = (
			);
			runOnlyForDeploymentPostprocessing = 0;
		};
/* End PBXResourcesBuildPhase section */

/* Begin PBXSourcesBuildPhase section */
		59E143261FF31CE60094F95C /* Sources */ = {
			isa = PBXSourcesBuildPhase;
			buildActionMask = 2147483647;
			files = (
				59E143301FF31CE70094F95C /* ViewController.swift in Sources */,
				59E1432E1FF31CE70094F95C /* AppDelegate.swift in Sources */,
			);
			runOnlyForDeploymentPostprocessing = 0;
		};
		59E1433A1FF31CE70094F95C /* Sources */ = {
			isa = PBXSourcesBuildPhase;
			buildActionMask = 2147483647;
			files = (
				59E143431FF31CE70094F95C /* EWeek2018Tests.swift in Sources */,
			);
			runOnlyForDeploymentPostprocessing = 0;
		};
		59E143451FF31CE70094F95C /* Sources */ = {
			isa = PBXSourcesBuildPhase;
			buildActionMask = 2147483647;
			files = (
				59E1434E1FF31CE70094F95C /* EWeek2018UITests.swift in Sources */,
			);
			runOnlyForDeploymentPostprocessing = 0;
		};
/* End PBXSourcesBuildPhase section */

/* Begin PBXTargetDependency section */
		59E143401FF31CE70094F95C /* PBXTargetDependency */ = {
			isa = PBXTargetDependency;
			target = 59E143291FF31CE60094F95C /* EWeek2018 */;
			targetProxy = 59E1433F1FF31CE70094F95C /* PBXContainerItemProxy */;
		};
		59E1434B1FF31CE70094F95C /* PBXTargetDependency */ = {
			isa = PBXTargetDependency;
			target = 59E143291FF31CE60094F95C /* EWeek2018 */;
			targetProxy = 59E1434A1FF31CE70094F95C /* PBXContainerItemProxy */;
		};
/* End PBXTargetDependency section */

/* Begin PBXVariantGroup section */
		59E143311FF31CE70094F95C /* Main.storyboard */ = {
			isa = PBXVariantGroup;
			children = (
				59E143321FF31CE70094F95C /* Base */,
			);
			name = Main.storyboard;
			sourceTree = "<group>";
		};
		59E143361FF31CE70094F95C /* LaunchScreen.storyboard */ = {
			isa = PBXVariantGroup;
			children = (
				59E143371FF31CE70094F95C /* Base */,
			);
			name = LaunchScreen.storyboard;
			sourceTree = "<group>";
		};
/* End PBXVariantGroup section */

/* Begin XCBuildConfiguration section */
		59E143501FF31CE70094F95C /* Debug */ = {
			isa = XCBuildConfiguration;
			buildSettings = {
				ALWAYS_SEARCH_USER_PATHS = NO;
				CLANG_ANALYZER_NONNULL = YES;
				CLANG_ANALYZER_NUMBER_OBJECT_CONVERSION = YES_AGGRESSIVE;
				CLANG_CXX_LANGUAGE_STANDARD = "gnu++14";
				CLANG_CXX_LIBRARY = "libc++";
				CLANG_ENABLE_MODULES = YES;
				CLANG_ENABLE_OBJC_ARC = YES;
				CLANG_WARN_BLOCK_CAPTURE_AUTORELEASING = YES;
				CLANG_WARN_BOOL_CONVERSION = YES;
				CLANG_WARN_COMMA = YES;
				CLANG_WARN_CONSTANT_CONVERSION = YES;
				CLANG_WARN_DIRECT_OBJC_ISA_USAGE = YES_ERROR;
				CLANG_WARN_DOCUMENTATION_COMMENTS = YES;
				CLANG_WARN_EMPTY_BODY = YES;
				CLANG_WARN_ENUM_CONVERSION = YES;
				CLANG_WARN_INFINITE_RECURSION = YES;
				CLANG_WARN_INT_CONVERSION = YES;
				CLANG_WARN_NON_LITERAL_NULL_CONVERSION = YES;
				CLANG_WARN_OBJC_LITERAL_CONVERSION = YES;
				CLANG_WARN_OBJC_ROOT_CLASS = YES_ERROR;
				CLANG_WARN_RANGE_LOOP_ANALYSIS = YES;
				CLANG_WARN_STRICT_PROTOTYPES = YES;
				CLANG_WARN_SUSPICIOUS_MOVE = YES;
				CLANG_WARN_UNGUARDED_AVAILABILITY = YES_AGGRESSIVE;
				CLANG_WARN_UNREACHABLE_CODE = YES;
				CLANG_WARN__DUPLICATE_METHOD_MATCH = YES;
				CODE_SIGN_IDENTITY = "iPhone Developer";
				COPY_PHASE_STRIP = NO;
				DEBUG_INFORMATION_FORMAT = dwarf;
				ENABLE_STRICT_OBJC_MSGSEND = YES;
				ENABLE_TESTABILITY = YES;
				GCC_C_LANGUAGE_STANDARD = gnu11;
				GCC_DYNAMIC_NO_PIC = NO;
				GCC_NO_COMMON_BLOCKS = YES;
				GCC_OPTIMIZATION_LEVEL = 0;
				GCC_PREPROCESSOR_DEFINITIONS = (
					"DEBUG=1",
					"$(inherited)",
				);
				GCC_WARN_64_TO_32_BIT_CONVERSION = YES;
				GCC_WARN_ABOUT_RETURN_TYPE = YES_ERROR;
				GCC_WARN_UNDECLARED_SELECTOR = YES;
				GCC_WARN_UNINITIALIZED_AUTOS = YES_AGGRESSIVE;
				GCC_WARN_UNUSED_FUNCTION = YES;
				GCC_WARN_UNUSED_VARIABLE = YES;
				IPHONEOS_DEPLOYMENT_TARGET = 11.2;
				MTL_ENABLE_DEBUG_INFO = YES;
				ONLY_ACTIVE_ARCH = YES;
				SDKROOT = iphoneos;
				SWIFT_ACTIVE_COMPILATION_CONDITIONS = DEBUG;
				SWIFT_OPTIMIZATION_LEVEL = "-Onone";
			};
			name = Debug;
		};
		59E143511FF31CE70094F95C /* Release */ = {
			isa = XCBuildConfiguration;
			buildSettings = {
				ALWAYS_SEARCH_USER_PATHS = NO;
				CLANG_ANALYZER_NONNULL = YES;
				CLANG_ANALYZER_NUMBER_OBJECT_CONVERSION = YES_AGGRESSIVE;
				CLANG_CXX_LANGUAGE_STANDARD = "gnu++14";
				CLANG_CXX_LIBRARY = "libc++";
				CLANG_ENABLE_MODULES = YES;
				CLANG_ENABLE_OBJC_ARC = YES;
				CLANG_WARN_BLOCK_CAPTURE_AUTORELEASING = YES;
				CLANG_WARN_BOOL_CONVERSION = YES;
				CLANG_WARN_COMMA = YES;
				CLANG_WARN_CONSTANT_CONVERSION = YES;
				CLANG_WARN_DIRECT_OBJC_ISA_USAGE = YES_ERROR;
				CLANG_WARN_DOCUMENTATION_COMMENTS = YES;
				CLANG_WARN_EMPTY_BODY = YES;
				CLANG_WARN_ENUM_CONVERSION = YES;
				CLANG_WARN_INFINITE_RECURSION = YES;
				CLANG_WARN_INT_CONVERSION = YES;
				CLANG_WARN_NON_LITERAL_NULL_CONVERSION = YES;
				CLANG_WARN_OBJC_LITERAL_CONVERSION = YES;
				CLANG_WARN_OBJC_ROOT_CLASS = YES_ERROR;
				CLANG_WARN_RANGE_LOOP_ANALYSIS = YES;
				CLANG_WARN_STRICT_PROTOTYPES = YES;
				CLANG_WARN_SUSPICIOUS_MOVE = YES;
				CLANG_WARN_UNGUARDED_AVAILABILITY = YES_AGGRESSIVE;
				CLANG_WARN_UNREACHABLE_CODE = YES;
				CLANG_WARN__DUPLICATE_METHOD_MATCH = YES;
				CODE_SIGN_IDENTITY = "iPhone Developer";
				COPY_PHASE_STRIP = NO;
				DEBUG_INFORMATION_FORMAT = "dwarf-with-dsym";
				ENABLE_NS_ASSERTIONS = NO;
				ENABLE_STRICT_OBJC_MSGSEND = YES;
				GCC_C_LANGUAGE_STANDARD = gnu11;
				GCC_NO_COMMON_BLOCKS = YES;
				GCC_WARN_64_TO_32_BIT_CONVERSION = YES;
				GCC_WARN_ABOUT_RETURN_TYPE = YES_ERROR;
				GCC_WARN_UNDECLARED_SELECTOR = YES;
				GCC_WARN_UNINITIALIZED_AUTOS = YES_AGGRESSIVE;
				GCC_WARN_UNUSED_FUNCTION = YES;
				GCC_WARN_UNUSED_VARIABLE = YES;
				IPHONEOS_DEPLOYMENT_TARGET = 11.2;
				MTL_ENABLE_DEBUG_INFO = NO;
				SDKROOT = iphoneos;
				SWIFT_OPTIMIZATION_LEVEL = "-Owholemodule";
				VALIDATE_PRODUCT = YES;
			};
			name = Release;
		};
		59E143531FF31CE70094F95C /* Debug */ = {
			isa = XCBuildConfiguration;
			buildSettings = {
				ASSETCATALOG_COMPILER_APPICON_NAME = AppIcon;
				CODE_SIGN_STYLE = Automatic;
				INFOPLIST_FILE = EWeek2018/Info.plist;
				LD_RUNPATH_SEARCH_PATHS = "$(inherited) @executable_path/Frameworks";
				PRODUCT_BUNDLE_IDENTIFIER = UTSEC.EWeek2018;
				PRODUCT_NAME = "$(TARGET_NAME)";
				SWIFT_VERSION = 4.0;
				TARGETED_DEVICE_FAMILY = "1,2";
			};
			name = Debug;
		};
		59E143541FF31CE70094F95C /* Release */ = {
			isa = XCBuildConfiguration;
			buildSettings = {
				ASSETCATALOG_COMPILER_APPICON_NAME = AppIcon;
				CODE_SIGN_STYLE = Automatic;
				INFOPLIST_FILE = EWeek2018/Info.plist;
				LD_RUNPATH_SEARCH_PATHS = "$(inherited) @executable_path/Frameworks";
				PRODUCT_BUNDLE_IDENTIFIER = UTSEC.EWeek2018;
				PRODUCT_NAME = "$(TARGET_NAME)";
				SWIFT_VERSION = 4.0;
				TARGETED_DEVICE_FAMILY = "1,2";
			};
			name = Release;
		};
		59E143561FF31CE70094F95C /* Debug */ = {
			isa = XCBuildConfiguration;
			buildSettings = {
				ALWAYS_EMBED_SWIFT_STANDARD_LIBRARIES = YES;
				BUNDLE_LOADER = "$(TEST_HOST)";
				CODE_SIGN_STYLE = Automatic;
				INFOPLIST_FILE = EWeek2018Tests/Info.plist;
				LD_RUNPATH_SEARCH_PATHS = "$(inherited) @executable_path/Frameworks @loader_path/Frameworks";
				PRODUCT_BUNDLE_IDENTIFIER = UTSEC.EWeek2018Tests;
				PRODUCT_NAME = "$(TARGET_NAME)";
				SWIFT_VERSION = 4.0;
				TARGETED_DEVICE_FAMILY = "1,2";
				TEST_HOST = "$(BUILT_PRODUCTS_DIR)/EWeek2018.app/EWeek2018";
			};
			name = Debug;
		};
		59E143571FF31CE70094F95C /* Release */ = {
			isa = XCBuildConfiguration;
			buildSettings = {
				ALWAYS_EMBED_SWIFT_STANDARD_LIBRARIES = YES;
				BUNDLE_LOADER = "$(TEST_HOST)";
				CODE_SIGN_STYLE = Automatic;
				INFOPLIST_FILE = EWeek2018Tests/Info.plist;
				LD_RUNPATH_SEARCH_PATHS = "$(inherited) @executable_path/Frameworks @loader_path/Frameworks";
				PRODUCT_BUNDLE_IDENTIFIER = UTSEC.EWeek2018Tests;
				PRODUCT_NAME = "$(TARGET_NAME)";
				SWIFT_VERSION = 4.0;
				TARGETED_DEVICE_FAMILY = "1,2";
				TEST_HOST = "$(BUILT_PRODUCTS_DIR)/EWeek2018.app/EWeek2018";
			};
			name = Release;
		};
		59E143591FF31CE70094F95C /* Debug */ = {
			isa = XCBuildConfiguration;
			buildSettings = {
				ALWAYS_EMBED_SWIFT_STANDARD_LIBRARIES = YES;
				CODE_SIGN_STYLE = Automatic;
				INFOPLIST_FILE = EWeek2018UITests/Info.plist;
				LD_RUNPATH_SEARCH_PATHS = "$(inherited) @executable_path/Frameworks @loader_path/Frameworks";
				PRODUCT_BUNDLE_IDENTIFIER = UTSEC.EWeek2018UITests;
				PRODUCT_NAME = "$(TARGET_NAME)";
				SWIFT_VERSION = 4.0;
				TARGETED_DEVICE_FAMILY = "1,2";
				TEST_TARGET_NAME = EWeek2018;
			};
			name = Debug;
		};
		59E1435A1FF31CE70094F95C /* Release */ = {
			isa = XCBuildConfiguration;
			buildSettings = {
				ALWAYS_EMBED_SWIFT_STANDARD_LIBRARIES = YES;
				CODE_SIGN_STYLE = Automatic;
				INFOPLIST_FILE = EWeek2018UITests/Info.plist;
				LD_RUNPATH_SEARCH_PATHS = "$(inherited) @executable_path/Frameworks @loader_path/Frameworks";
				PRODUCT_BUNDLE_IDENTIFIER = UTSEC.EWeek2018UITests;
				PRODUCT_NAME = "$(TARGET_NAME)";
				SWIFT_VERSION = 4.0;
				TARGETED_DEVICE_FAMILY = "1,2";
				TEST_TARGET_NAME = EWeek2018;
			};
			name = Release;
		};
/* End XCBuildConfiguration section */

/* Begin XCConfigurationList section */
		59E143251FF31CE60094F95C /* Build configuration list for PBXProject "EWeek2018" */ = {
			isa = XCConfigurationList;
			buildConfigurations = (
				59E143501FF31CE70094F95C /* Debug */,
				59E143511FF31CE70094F95C /* Release */,
			);
			defaultConfigurationIsVisible = 0;
			defaultConfigurationName = Release;
		};
		59E143521FF31CE70094F95C /* Build configuration list for PBXNativeTarget "EWeek2018" */ = {
			isa = XCConfigurationList;
			buildConfigurations = (
				59E143531FF31CE70094F95C /* Debug */,
				59E143541FF31CE70094F95C /* Release */,
			);
			defaultConfigurationIsVisible = 0;
			defaultConfigurationName = Release;
		};
		59E143551FF31CE70094F95C /* Build configuration list for PBXNativeTarget "EWeek2018Tests" */ = {
			isa = XCConfigurationList;
			buildConfigurations = (
				59E143561FF31CE70094F95C /* Debug */,
				59E143571FF31CE70094F95C /* Release */,
			);
			defaultConfigurationIsVisible = 0;
			defaultConfigurationName = Release;
		};
		59E143581FF31CE70094F95C /* Build configuration list for PBXNativeTarget "EWeek2018UITests" */ = {
			isa = XCConfigurationList;
			buildConfigurations = (
				59E143591FF31CE70094F95C /* Debug */,
				59E1435A1FF31CE70094F95C /* Release */,
			);
			defaultConfigurationIsVisible = 0;
			defaultConfigurationName = Release;
		};
/* End XCConfigurationList section */
	};
	rootObject = 59E143221FF31CE60094F95C /* Project object */;
}
